
Microsoft Visual Studio Solution File, Format Version 12.00
# Visual Studio 14
VisualStudioVersion = 14.0.25123.0
MinimumVisualStudioVersion = 10.0.40219.1
Project("{FAE04EC0-301F-11D3-BF4B-00C04F79EFBC}") = "ConsoleApplication1", "ConsoleApplication1\ConsoleApplication1.csproj", "{70774FFB-A9BD-463A-BFC7-0A682689B8DE}"
EndProject
Global
	GlobalSection(SolutionConfigurationPlatforms) = preSolution
		Debug|Any CPU = Debug|Any CPU
		Release|Any CPU = Release|Any CPU
	EndGlobalSection
	GlobalSection(ProjectConfigurationPlatforms) = postSolution
		{70774FFB-A9BD-463A-BFC7-0A682689B8DE}.Debug|Any CPU.ActiveCfg = Debug|Any CPU
		{70774FFB-A9BD-463A-BFC7-0A682689B8DE}.Debug|Any CPU.Build.0 = Debug|Any CPU
		{70774FFB-A9BD-463A-BFC7-0A682689B8DE}.Release|Any CPU.ActiveCfg = Release|Any CPU
		{70774FFB-A9BD-463A-BFC7-0A682689B8DE}.Release|Any CPU.Build.0 = Release|Any CPU
	EndGlobalSection
	GlobalSection(SolutionProperties) = preSolution
		HideSolutionNode = FALSE
	EndGlobalSection
EndGlobal
